
Microsoft Visual Studio Solution File, Format Version 12.00
# Visual Studio Version 16
VisualStudioVersion = 16.0.31129.286
MinimumVisualStudioVersion = 10.0.40219.1
Project("{FAE04EC0-301F-11D3-BF4B-00C04F79EFBC}") = "LogDatabase", "LogDatabase\LogDatabase.csproj", "{AC686B36-F8CA-4F2E-B53A-E22DDE08BF05}"
EndProject
Project("{54435603-DBB4-11D2-8724-00A0C9A8B90C}") = "LogDB", "LogDB\LogDB.vdproj", "{F6640006-EF78-4E63-ABAC-4BA801384E31}"
EndProject
Global
	GlobalSection(SolutionConfigurationPlatforms) = preSolution
		Debug|Any CPU = Debug|Any CPU
		Release|Any CPU = Release|Any CPU
	EndGlobalSection
	GlobalSection(ProjectConfigurationPlatforms) = postSolution
		{AC686B36-F8CA-4F2E-B53A-E22DDE08BF05}.Debug|Any CPU.ActiveCfg = Debug|Any CPU
		{AC686B36-F8CA-4F2E-B53A-E22DDE08BF05}.Debug|Any CPU.Build.0 = Debug|Any CPU
		{AC686B36-F8CA-4F2E-B53A-E22DDE08BF05}.Release|Any CPU.ActiveCfg = Release|Any CPU
		{AC686B36-F8CA-4F2E-B53A-E22DDE08BF05}.Release|Any CPU.Build.0 = Release|Any CPU
		{F6640006-EF78-4E63-ABAC-4BA801384E31}.Debug|Any CPU.ActiveCfg = Debug
		{F6640006-EF78-4E63-ABAC-4BA801384E31}.Release|Any CPU.ActiveCfg = Release
	EndGlobalSection
	GlobalSection(SolutionProperties) = preSolution
		HideSolutionNode = FALSE
	EndGlobalSection
	GlobalSection(ExtensibilityGlobals) = postSolution
		SolutionGuid = {FD515359-E8A7-4CF5-AD5A-1A56A12AD227}
	EndGlobalSection
EndGlobal
